lockfileVersion: '6.0'

settings:
  autoInstallPeers: true
  excludeLinksFromLockfile: false

devDependencies:
  bun-types:
    specifier: ^1.0.14
    version: 1.0.14

packages:

  /bun-types@1.0.14:
    resolution: {integrity: sha512-hLVfM2fk8xSJeobfuPGilfvxM5gLtEy1bn7RJhrtw3u4OaC0kieXKYFFTVHU8jZ3hj8YyPLIFClIUodkFSrMBQ==}
    dev: true
